
Microsoft Visual Studio Solution File, Format Version 12.00
# Visual Studio Version 17
VisualStudioVersion = 17.7.34221.43
MinimumVisualStudioVersion = 10.0.40219.1
Project("{9A19103F-16F7-4668-BE54-9A1E7A4F7556}") = "Day1", "Day1\Day1.csproj", "{5F876CDA-0072-42EF-A35E-9FF3CBF60C32}"
EndProject
Project("{9A19103F-16F7-4668-BE54-9A1E7A4F7556}") = "Common", "Common\Common.csproj", "{69B40550-9837-4F37-B8C7-AF6F05BD3DFC}"
EndProject
Project("{9A19103F-16F7-4668-BE54-9A1E7A4F7556}") = "DayTester", "DayTester\DayTester.csproj", "{3043458C-0D57-4227-8814-630E9379A47B}"
EndProject
Project("{9A19103F-16F7-4668-BE54-9A1E7A4F7556}") = "Day2", "Day2\Day2.csproj", "{D5B2CBA7-38CF-4087-951C-DB6454A72701}"
EndProject
Project("{FAE04EC0-301F-11D3-BF4B-00C04F79EFBC}") = "Day3", "Day3\Day3.csproj", "{97903F0F-AAA9-492E-962B-62061E89B2EA}"
EndProject
Global
	GlobalSection(SolutionConfigurationPlatforms) = preSolution
		Debug|Any CPU = Debug|Any CPU
		Release|Any CPU = Release|Any CPU
	EndGlobalSection
	GlobalSection(ProjectConfigurationPlatforms) = postSolution
		{5F876CDA-0072-42EF-A35E-9FF3CBF60C32}.Debug|Any CPU.ActiveCfg = Debug|Any CPU
		{5F876CDA-0072-42EF-A35E-9FF3CBF60C32}.Debug|Any CPU.Build.0 = Debug|Any CPU
		{5F876CDA-0072-42EF-A35E-9FF3CBF60C32}.Release|Any CPU.ActiveCfg = Release|Any CPU
		{5F876CDA-0072-42EF-A35E-9FF3CBF60C32}.Release|Any CPU.Build.0 = Release|Any CPU
		{69B40550-9837-4F37-B8C7-AF6F05BD3DFC}.Debug|Any CPU.ActiveCfg = Debug|Any CPU
		{69B40550-9837-4F37-B8C7-AF6F05BD3DFC}.Debug|Any CPU.Build.0 = Debug|Any CPU
		{69B40550-9837-4F37-B8C7-AF6F05BD3DFC}.Release|Any CPU.ActiveCfg = Release|Any CPU
		{69B40550-9837-4F37-B8C7-AF6F05BD3DFC}.Release|Any CPU.Build.0 = Release|Any CPU
		{3043458C-0D57-4227-8814-630E9379A47B}.Debug|Any CPU.ActiveCfg = Debug|Any CPU
		{3043458C-0D57-4227-8814-630E9379A47B}.Debug|Any CPU.Build.0 = Debug|Any CPU
		{3043458C-0D57-4227-8814-630E9379A47B}.Release|Any CPU.ActiveCfg = Release|Any CPU
		{3043458C-0D57-4227-8814-630E9379A47B}.Release|Any CPU.Build.0 = Release|Any CPU
		{D5B2CBA7-38CF-4087-951C-DB6454A72701}.Debug|Any CPU.ActiveCfg = Debug|Any CPU
		{D5B2CBA7-38CF-4087-951C-DB6454A72701}.Debug|Any CPU.Build.0 = Debug|Any CPU
		{D5B2CBA7-38CF-4087-951C-DB6454A72701}.Release|Any CPU.ActiveCfg = Release|Any CPU
		{D5B2CBA7-38CF-4087-951C-DB6454A72701}.Release|Any CPU.Build.0 = Release|Any CPU
		{97903F0F-AAA9-492E-962B-62061E89B2EA}.Debug|Any CPU.ActiveCfg = Debug|Any CPU
		{97903F0F-AAA9-492E-962B-62061E89B2EA}.Debug|Any CPU.Build.0 = Debug|Any CPU
		{97903F0F-AAA9-492E-962B-62061E89B2EA}.Release|Any CPU.ActiveCfg = Release|Any CPU
		{97903F0F-AAA9-492E-962B-62061E89B2EA}.Release|Any CPU.Build.0 = Release|Any CPU
	EndGlobalSection
	GlobalSection(SolutionProperties) = preSolution
		HideSolutionNode = FALSE
	EndGlobalSection
	GlobalSection(ExtensibilityGlobals) = postSolution
		SolutionGuid = {25AF9C6F-70B4-435F-BE42-6E7EA60BDFB5}
	EndGlobalSection
EndGlobal
